{
  "version": 4,
  "terraform_version": "0.12.18",
  "serial": 111,
  "lineage": "ab651209-93c6-47a7-516b-40934b013960",
  "outputs": {
    "another_instance_ip": {
      "value": "35.178.176.232",
      "type": "string"
    },
    "instance_ip": {
      "value": "35.177.81.30",
      "type": "string"
    },
    "west1_instance_ip": {
      "value": "52.49.91.204",
      "type": "string"
    }
  },
  "resources": [
    {
      "module": "module.another_instance",
      "mode": "data",
      "type": "aws_caller_identity",
      "name": "current",
      "provider": "provider.aws",
      "instances": [
        {
          "schema_version": 0,
          "attributes": {
            "account_id": "044463453895",
            "arn": "arn:aws:iam::044463453895:user/TomGoreham",
            "id": "2020-01-08 22:42:41.343625 +0000 UTC",
            "user_id": "AIDAQUWR2O3D4D4MZO6WV"
          }
        }
      ]
    },
    {
      "module": "module.west1_instance",
      "mode": "data",
      "type": "aws_caller_identity",
      "name": "current",
      "provider": "provider.aws.euwest1",
      "instances": [
        {
          "schema_version": 0,
          "attributes": {
            "account_id": "044463453895",
            "arn": "arn:aws:iam::044463453895:user/TomGoreham",
            "id": "2020-01-08 22:42:40.360712 +0000 UTC",
            "user_id": "AIDAQUWR2O3D4D4MZO6WV"
          }
        }
      ]
    },
    {
      "module": "module.instance",
      "mode": "data",
      "type": "aws_caller_identity",
      "name": "current",
      "provider": "provider.aws",
      "instances": [
        {
          "schema_version": 0,
          "attributes": {
            "account_id": "044463453895",
            "arn": "arn:aws:iam::044463453895:user/TomGoreham",
            "id": "2020-01-08 22:42:41.344187 +0000 UTC",
            "user_id": "AIDAQUWR2O3D4D4MZO6WV"
          }
        }
      ]
    },
    {
      "module": "module.another_instance",
      "mode": "data",
      "type": "aws_iam_policy_document",
      "name": "instance_permissions_policy",
      "provider": "provider.aws",
      "instances": [
        {
          "schema_version": 0,
          "attributes": {
            "id": "844514817",
            "json": "{\n  \"Version\": \"2012-10-17\",\n  \"Statement\": [\n    {\n      \"Sid\": \"1\",\n      \"Effect\": \"Allow\",\n      \"Action\": \"logs:CreateLogGroup\",\n      \"Resource\": \"arn:aws:logs:eu-west-2:044463453895:*\"\n    },\n    {\n      \"Sid\": \"2\",\n      \"Effect\": \"Allow\",\n      \"Action\": [\n        \"logs:PutLogEvents\",\n        \"logs:DescribeLogStreams\",\n        \"logs:CreateLogStream\"\n      ],\n      \"Resource\": \"arn:aws:logs:eu-west-2:044463453895:log-group:tf_instance_CYeMoqHp-log-group:*\"\n    }\n  ]\n}",
            "override_json": null,
            "policy_id": null,
            "source_json": null,
            "statement": [
              {
                "actions": [
                  "logs:CreateLogGroup"
                ],
                "condition": [],
                "effect": "Allow",
                "not_actions": [],
                "not_principals": [],
                "not_resources": [],
                "principals": [],
                "resources": [
                  "arn:aws:logs:eu-west-2:044463453895:*"
                ],
                "sid": "1"
              },
              {
                "actions": [
                  "logs:CreateLogStream",
                  "logs:DescribeLogStreams",
                  "logs:PutLogEvents"
                ],
                "condition": [],
                "effect": "Allow",
                "not_actions": [],
                "not_principals": [],
                "not_resources": [],
                "principals": [],
                "resources": [
                  "arn:aws:logs:eu-west-2:044463453895:log-group:tf_instance_CYeMoqHp-log-group:*"
                ],
                "sid": "2"
              }
            ],
            "version": "2012-10-17"
          }
        }
      ]
    },
    {
      "module": "module.west1_instance",
      "mode": "data",
      "type": "aws_iam_policy_document",
      "name": "instance_permissions_policy",
      "provider": "provider.aws.euwest1",
      "instances": [
        {
          "schema_version": 0,
          "attributes": {
            "id": "3448550566",
            "json": "{\n  \"Version\": \"2012-10-17\",\n  \"Statement\": [\n    {\n      \"Sid\": \"1\",\n      \"Effect\": \"Allow\",\n      \"Action\": \"logs:CreateLogGroup\",\n      \"Resource\": \"arn:aws:logs:eu-west-1:044463453895:*\"\n    },\n    {\n      \"Sid\": \"2\",\n      \"Effect\": \"Allow\",\n      \"Action\": [\n        \"logs:PutLogEvents\",\n        \"logs:DescribeLogStreams\",\n        \"logs:CreateLogStream\"\n      ],\n      \"Resource\": \"arn:aws:logs:eu-west-1:044463453895:log-group:tf_instance_CYeMoqHp-log-group:*\"\n    }\n  ]\n}",
            "override_json": null,
            "policy_id": null,
            "source_json": null,
            "statement": [
              {
                "actions": [
                  "logs:CreateLogGroup"
                ],
                "condition": [],
                "effect": "Allow",
                "not_actions": [],
                "not_principals": [],
                "not_resources": [],
                "principals": [],
                "resources": [
                  "arn:aws:logs:eu-west-1:044463453895:*"
                ],
                "sid": "1"
              },
              {
                "actions": [
                  "logs:CreateLogStream",
                  "logs:DescribeLogStreams",
                  "logs:PutLogEvents"
                ],
                "condition": [],
                "effect": "Allow",
                "not_actions": [],
                "not_principals": [],
                "not_resources": [],
                "principals": [],
                "resources": [
                  "arn:aws:logs:eu-west-1:044463453895:log-group:tf_instance_CYeMoqHp-log-group:*"
                ],
                "sid": "2"
              }
            ],
            "version": "2012-10-17"
          }
        }
      ]
    },
    {
      "module": "module.instance",
      "mode": "data",
      "type": "aws_iam_policy_document",
      "name": "instance_permissions_policy",
      "provider": "provider.aws",
      "instances": [
        {
          "schema_version": 0,
          "attributes": {
            "id": "1095234773",
            "json": "{\n  \"Version\": \"2012-10-17\",\n  \"Statement\": [\n    {\n      \"Sid\": \"1\",\n      \"Effect\": \"Allow\",\n      \"Action\": \"logs:CreateLogGroup\",\n      \"Resource\": \"arn:aws:logs:eu-west-2:044463453895:*\"\n    },\n    {\n      \"Sid\": \"2\",\n      \"Effect\": \"Allow\",\n      \"Action\": [\n        \"logs:PutLogEvents\",\n        \"logs:DescribeLogStreams\",\n        \"logs:CreateLogStream\"\n      ],\n      \"Resource\": \"arn:aws:logs:eu-west-2:044463453895:log-group:tf_instance-log-group:*\"\n    }\n  ]\n}",
            "override_json": null,
            "policy_id": null,
            "source_json": null,
            "statement": [
              {
                "actions": [
                  "logs:CreateLogGroup"
                ],
                "condition": [],
                "effect": "Allow",
                "not_actions": [],
                "not_principals": [],
                "not_resources": [],
                "principals": [],
                "resources": [
                  "arn:aws:logs:eu-west-2:044463453895:*"
                ],
                "sid": "1"
              },
              {
                "actions": [
                  "logs:CreateLogStream",
                  "logs:DescribeLogStreams",
                  "logs:PutLogEvents"
                ],
                "condition": [],
                "effect": "Allow",
                "not_actions": [],
                "not_principals": [],
                "not_resources": [],
                "principals": [],
                "resources": [
                  "arn:aws:logs:eu-west-2:044463453895:log-group:tf_instance-log-group:*"
                ],
                "sid": "2"
              }
            ],
            "version": "2012-10-17"
          }
        }
      ]
    },
    {
      "module": "module.another_instance",
      "mode": "data",
      "type": "aws_iam_policy_document",
      "name": "instance_trust_policy",
      "provider": "provider.aws",
      "instances": [
        {
          "schema_version": 0,
          "attributes": {
            "id": "1903849331",
            "json": "{\n  \"Version\": \"2012-10-17\",\n  \"Statement\": [\n    {\n      \"Sid\": \"\",\n      \"Effect\": \"Allow\",\n      \"Action\": \"sts:AssumeRole\",\n      \"Principal\": {\n        \"Service\": \"ec2.amazonaws.com\"\n      }\n    }\n  ]\n}",
            "override_json": null,
            "policy_id": null,
            "source_json": null,
            "statement": [
              {
                "actions": [
                  "sts:AssumeRole"
                ],
                "condition": [],
                "effect": "Allow",
                "not_actions": [],
                "not_principals": [],
                "not_resources": [],
                "principals": [
                  {
                    "identifiers": [
                      "ec2.amazonaws.com"
                    ],
                    "type": "Service"
                  }
                ],
                "resources": [],
                "sid": ""
              }
            ],
            "version": "2012-10-17"
          }
        }
      ]
    },
    {
      "module": "module.west1_instance",
      "mode": "data",
      "type": "aws_iam_policy_document",
      "name": "instance_trust_policy",
      "provider": "provider.aws.euwest1",
      "instances": [
        {
          "schema_version": 0,
          "attributes": {
            "id": "1903849331",
            "json": "{\n  \"Version\": \"2012-10-17\",\n  \"Statement\": [\n    {\n      \"Sid\": \"\",\n      \"Effect\": \"Allow\",\n      \"Action\": \"sts:AssumeRole\",\n      \"Principal\": {\n        \"Service\": \"ec2.amazonaws.com\"\n      }\n    }\n  ]\n}",
            "override_json": null,
            "policy_id": null,
            "source_json": null,
            "statement": [
              {
                "actions": [
                  "sts:AssumeRole"
                ],
                "condition": [],
                "effect": "Allow",
                "not_actions": [],
                "not_principals": [],
                "not_resources": [],
                "principals": [
                  {
                    "identifiers": [
                      "ec2.amazonaws.com"
                    ],
                    "type": "Service"
                  }
                ],
                "resources": [],
                "sid": ""
              }
            ],
            "version": "2012-10-17"
          }
        }
      ]
    },
    {
      "module": "module.instance",
      "mode": "data",
      "type": "aws_iam_policy_document",
      "name": "instance_trust_policy",
      "provider": "provider.aws",
      "instances": [
        {
          "schema_version": 0,
          "attributes": {
            "id": "1903849331",
            "json": "{\n  \"Version\": \"2012-10-17\",\n  \"Statement\": [\n    {\n      \"Sid\": \"\",\n      \"Effect\": \"Allow\",\n      \"Action\": \"sts:AssumeRole\",\n      \"Principal\": {\n        \"Service\": \"ec2.amazonaws.com\"\n      }\n    }\n  ]\n}",
            "override_json": null,
            "policy_id": null,
            "source_json": null,
            "statement": [
              {
                "actions": [
                  "sts:AssumeRole"
                ],
                "condition": [],
                "effect": "Allow",
                "not_actions": [],
                "not_principals": [],
                "not_resources": [],
                "principals": [
                  {
                    "identifiers": [
                      "ec2.amazonaws.com"
                    ],
                    "type": "Service"
                  }
                ],
                "resources": [],
                "sid": ""
              }
            ],
            "version": "2012-10-17"
          }
        }
      ]
    },
    {
      "module": "module.another_instance",
      "mode": "data",
      "type": "aws_region",
      "name": "current",
      "provider": "provider.aws",
      "instances": [
        {
          "schema_version": 0,
          "attributes": {
            "current": null,
            "description": "EU (London)",
            "endpoint": "ec2.eu-west-2.amazonaws.com",
            "id": "eu-west-2",
            "name": "eu-west-2"
          }
        }
      ]
    },
    {
      "module": "module.west1_instance",
      "mode": "data",
      "type": "aws_region",
      "name": "current",
      "provider": "provider.aws.euwest1",
      "instances": [
        {
          "schema_version": 0,
          "attributes": {
            "current": null,
            "description": "EU (Ireland)",
            "endpoint": "ec2.eu-west-1.amazonaws.com",
            "id": "eu-west-1",
            "name": "eu-west-1"
          }
        }
      ]
    },
    {
      "module": "module.instance",
      "mode": "data",
      "type": "aws_region",
      "name": "current",
      "provider": "provider.aws",
      "instances": [
        {
          "schema_version": 0,
          "attributes": {
            "current": null,
            "description": "EU (London)",
            "endpoint": "ec2.eu-west-2.amazonaws.com",
            "id": "eu-west-2",
            "name": "eu-west-2"
          }
        }
      ]
    },
    {
      "module": "module.another_instance",
      "mode": "data",
      "type": "aws_ssm_parameter",
      "name": "latest_ami",
      "provider": "provider.aws",
      "instances": [
        {
          "schema_version": 0,
          "attributes": {
            "arn": "arn:aws:ssm:eu-west-2:044463453895:parameter/aws/service/ami-amazon-linux-latest/amzn2-ami-hvm-x86_64-gp2",
            "id": "/aws/service/ami-amazon-linux-latest/amzn2-ami-hvm-x86_64-gp2",
            "name": "/aws/service/ami-amazon-linux-latest/amzn2-ami-hvm-x86_64-gp2",
            "type": "String",
            "value": "ami-05f37c3995fffb4fd",
            "version": 24,
            "with_decryption": true
          }
        }
      ]
    },
    {
      "module": "module.west1_instance",
      "mode": "data",
      "type": "aws_ssm_parameter",
      "name": "latest_ami",
      "provider": "provider.aws.euwest1",
      "instances": [
        {
          "schema_version": 0,
          "attributes": {
            "arn": "arn:aws:ssm:eu-west-1:044463453895:parameter/aws/service/ami-amazon-linux-latest/amzn2-ami-hvm-x86_64-gp2",
            "id": "/aws/service/ami-amazon-linux-latest/amzn2-ami-hvm-x86_64-gp2",
            "name": "/aws/service/ami-amazon-linux-latest/amzn2-ami-hvm-x86_64-gp2",
            "type": "String",
            "value": "ami-01f14919ba412de34",
            "version": 25,
            "with_decryption": true
          }
        }
      ]
    },
    {
      "module": "module.instance",
      "mode": "data",
      "type": "aws_ssm_parameter",
      "name": "latest_ami",
      "provider": "provider.aws",
      "instances": [
        {
          "schema_version": 0,
          "attributes": {
            "arn": "arn:aws:ssm:eu-west-2:044463453895:parameter/aws/service/ami-amazon-linux-latest/amzn2-ami-hvm-x86_64-gp2",
            "id": "/aws/service/ami-amazon-linux-latest/amzn2-ami-hvm-x86_64-gp2",
            "name": "/aws/service/ami-amazon-linux-latest/amzn2-ami-hvm-x86_64-gp2",
            "type": "String",
            "value": "ami-05f37c3995fffb4fd",
            "version": 24,
            "with_decryption": true
          }
        }
      ]
    },
    {
      "module": "module.another_instance",
      "mode": "managed",
      "type": "aws_cloudwatch_log_group",
      "name": "tf_cw_logs",
      "provider": "provider.aws",
      "instances": [
        {
          "schema_version": 0,
          "attributes": {
            "arn": "arn:aws:logs:eu-west-2:044463453895:log-group:tf_instance_CYeMoqHp-log-group:*",
            "id": "tf_instance_CYeMoqHp-log-group",
            "kms_key_id": "",
            "name": "tf_instance_CYeMoqHp-log-group",
            "name_prefix": null,
            "retention_in_days": 7,
            "tags": {}
          },
          "private": "bnVsbA==",
          "dependencies": [
            "random_string.instance_name"
          ]
        }
      ]
    },
    {
      "module": "module.west1_instance",
      "mode": "managed",
      "type": "aws_cloudwatch_log_group",
      "name": "tf_cw_logs",
      "provider": "provider.aws.euwest1",
      "instances": [
        {
          "schema_version": 0,
          "attributes": {
            "arn": "arn:aws:logs:eu-west-1:044463453895:log-group:tf_instance_CYeMoqHp-log-group:*",
            "id": "tf_instance_CYeMoqHp-log-group",
            "kms_key_id": "",
            "name": "tf_instance_CYeMoqHp-log-group",
            "name_prefix": null,
            "retention_in_days": 7,
            "tags": null
          },
          "private": "bnVsbA==",
          "dependencies": [
            "random_string.instance_name"
          ]
        }
      ]
    },
    {
      "module": "module.instance",
      "mode": "managed",
      "type": "aws_cloudwatch_log_group",
      "name": "tf_cw_logs",
      "provider": "provider.aws",
      "instances": [
        {
          "schema_version": 0,
          "attributes": {
            "arn": "arn:aws:logs:eu-west-2:044463453895:log-group:tf_instance-log-group:*",
            "id": "tf_instance-log-group",
            "kms_key_id": "",
            "name": "tf_instance-log-group",
            "name_prefix": null,
            "retention_in_days": 7,
            "tags": {}
          },
          "private": "bnVsbA=="
        }
      ]
    },
    {
      "module": "module.another_instance",
      "mode": "managed",
      "type": "aws_iam_instance_profile",
      "name": "instance_profile",
      "provider": "provider.aws",
      "instances": [
        {
          "schema_version": 0,
          "attributes": {
            "arn": "arn:aws:iam::044463453895:instance-profile/terraform-20200108222359384600000003",
            "create_date": "2020-01-08T22:24:00Z",
            "id": "terraform-20200108222359384600000003",
            "name": "terraform-20200108222359384600000003",
            "name_prefix": null,
            "path": "/",
            "role": "tf_instance_CYeMoqHp-role-20200108223624357000000002",
            "roles": [
              "tf_instance_CYeMoqHp-role-20200108223624357000000002"
            ],
            "unique_id": "AIPAQUWR2O3D7ZHWYC5CV"
          },
          "private": "bnVsbA==",
          "dependencies": [
            "module.another_instance.aws_iam_role.instance_logs_role",
            "random_string.instance_name"
          ]
        }
      ]
    },
    {
      "module": "module.west1_instance",
      "mode": "managed",
      "type": "aws_iam_instance_profile",
      "name": "instance_profile",
      "provider": "provider.aws.euwest1",
      "instances": [
        {
          "schema_version": 0,
          "attributes": {
            "arn": "arn:aws:iam::044463453895:instance-profile/terraform-20200108224405385600000003",
            "create_date": "2020-01-08T22:44:06Z",
            "id": "terraform-20200108224405385600000003",
            "name": "terraform-20200108224405385600000003",
            "name_prefix": null,
            "path": "/",
            "role": "tf_instance_CYeMoqHp-role-20200108224403518300000002",
            "roles": [],
            "unique_id": "AIPAQUWR2O3DQLMBRT3O7"
          },
          "private": "bnVsbA==",
          "dependencies": [
            "module.west1_instance.aws_iam_role.instance_logs_role",
            "random_string.instance_name"
          ]
        }
      ]
    },
    {
      "module": "module.instance",
      "mode": "managed",
      "type": "aws_iam_instance_profile",
      "name": "instance_profile",
      "provider": "provider.aws",
      "instances": [
        {
          "schema_version": 0,
          "attributes": {
            "arn": "arn:aws:iam::044463453895:instance-profile/terraform-20200108221316401200000003",
            "create_date": "2020-01-08T22:13:17Z",
            "id": "terraform-20200108221316401200000003",
            "name": "terraform-20200108221316401200000003",
            "name_prefix": null,
            "path": "/",
            "role": "tf_instance-role-20200108221314071700000001",
            "roles": [
              "tf_instance-role-20200108221314071700000001"
            ],
            "unique_id": "AIPAQUWR2O3DULW3UGO2V"
          },
          "private": "bnVsbA==",
          "dependencies": [
            "module.instance.aws_iam_role.instance_logs_role"
          ]
        }
      ]
    },
    {
      "module": "module.another_instance",
      "mode": "managed",
      "type": "aws_iam_role",
      "name": "instance_logs_role",
      "provider": "provider.aws",
      "instances": [
        {
          "schema_version": 0,
          "attributes": {
            "arn": "arn:aws:iam::044463453895:role/tf_instance_CYeMoqHp-role-20200108223624357000000002",
            "assume_role_policy": "{\"Version\":\"2012-10-17\",\"Statement\":[{\"Sid\":\"\",\"Effect\":\"Allow\",\"Principal\":{\"Service\":\"ec2.amazonaws.com\"},\"Action\":\"sts:AssumeRole\"}]}",
            "create_date": "2020-01-08T22:36:25Z",
            "description": "",
            "force_detach_policies": false,
            "id": "tf_instance_CYeMoqHp-role-20200108223624357000000002",
            "max_session_duration": 3600,
            "name": "tf_instance_CYeMoqHp-role-20200108223624357000000002",
            "name_prefix": "tf_instance_CYeMoqHp-role-",
            "path": "/",
            "permissions_boundary": null,
            "tags": {},
            "unique_id": "AROAQUWR2O3DRF2ZIZD7E"
          },
          "private": "bnVsbA==",
          "dependencies": [
            "random_string.instance_name"
          ]
        }
      ]
    },
    {
      "module": "module.west1_instance",
      "mode": "managed",
      "type": "aws_iam_role",
      "name": "instance_logs_role",
      "provider": "provider.aws.euwest1",
      "instances": [
        {
          "schema_version": 0,
          "attributes": {
            "arn": "arn:aws:iam::044463453895:role/tf_instance_CYeMoqHp-role-20200108224403518300000002",
            "assume_role_policy": "{\"Version\":\"2012-10-17\",\"Statement\":[{\"Sid\":\"\",\"Effect\":\"Allow\",\"Principal\":{\"Service\":\"ec2.amazonaws.com\"},\"Action\":\"sts:AssumeRole\"}]}",
            "create_date": "2020-01-08T22:44:04Z",
            "description": "",
            "force_detach_policies": false,
            "id": "tf_instance_CYeMoqHp-role-20200108224403518300000002",
            "max_session_duration": 3600,
            "name": "tf_instance_CYeMoqHp-role-20200108224403518300000002",
            "name_prefix": "tf_instance_CYeMoqHp-role-",
            "path": "/",
            "permissions_boundary": null,
            "tags": null,
            "unique_id": "AROAQUWR2O3D75QEBEV6R"
          },
          "private": "bnVsbA==",
          "dependencies": [
            "random_string.instance_name"
          ]
        }
      ]
    },
    {
      "module": "module.instance",
      "mode": "managed",
      "type": "aws_iam_role",
      "name": "instance_logs_role",
      "provider": "provider.aws",
      "instances": [
        {
          "schema_version": 0,
          "attributes": {
            "arn": "arn:aws:iam::044463453895:role/tf_instance-role-20200108221314071700000001",
            "assume_role_policy": "{\"Version\":\"2012-10-17\",\"Statement\":[{\"Sid\":\"\",\"Effect\":\"Allow\",\"Principal\":{\"Service\":\"ec2.amazonaws.com\"},\"Action\":\"sts:AssumeRole\"}]}",
            "create_date": "2020-01-08T22:13:15Z",
            "description": "",
            "force_detach_policies": false,
            "id": "tf_instance-role-20200108221314071700000001",
            "max_session_duration": 3600,
            "name": "tf_instance-role-20200108221314071700000001",
            "name_prefix": "tf_instance-role-",
            "path": "/",
            "permissions_boundary": null,
            "tags": {},
            "unique_id": "AROAQUWR2O3DQVOCEGAF3"
          },
          "private": "bnVsbA=="
        }
      ]
    },
    {
      "module": "module.another_instance",
      "mode": "managed",
      "type": "aws_iam_role_policy",
      "name": "instance_logs_policy",
      "provider": "provider.aws",
      "instances": [
        {
          "schema_version": 0,
          "attributes": {
            "id": "tf_instance_CYeMoqHp-role-20200108223624357000000002:terraform-20200108223626378700000003",
            "name": "terraform-20200108223626378700000003",
            "name_prefix": null,
            "policy": "{\n  \"Version\": \"2012-10-17\",\n  \"Statement\": [\n    {\n      \"Sid\": \"1\",\n      \"Effect\": \"Allow\",\n      \"Action\": \"logs:CreateLogGroup\",\n      \"Resource\": \"arn:aws:logs:eu-west-2:044463453895:*\"\n    },\n    {\n      \"Sid\": \"2\",\n      \"Effect\": \"Allow\",\n      \"Action\": [\n        \"logs:PutLogEvents\",\n        \"logs:DescribeLogStreams\",\n        \"logs:CreateLogStream\"\n      ],\n      \"Resource\": \"arn:aws:logs:eu-west-2:044463453895:log-group:tf_instance_CYeMoqHp-log-group:*\"\n    }\n  ]\n}",
            "role": "tf_instance_CYeMoqHp-role-20200108223624357000000002"
          },
          "private": "bnVsbA==",
          "dependencies": [
            "module.another_instance.aws_cloudwatch_log_group.tf_cw_logs",
            "module.another_instance.aws_iam_role.instance_logs_role",
            "random_string.instance_name"
          ]
        }
      ]
    },
    {
      "module": "module.west1_instance",
      "mode": "managed",
      "type": "aws_iam_role_policy",
      "name": "instance_logs_policy",
      "provider": "provider.aws.euwest1",
      "instances": [
        {
          "schema_version": 0,
          "attributes": {
            "id": "tf_instance_CYeMoqHp-role-20200108224403518300000002:terraform-20200108224407121600000004",
            "name": "terraform-20200108224407121600000004",
            "name_prefix": null,
            "policy": "{\n  \"Version\": \"2012-10-17\",\n  \"Statement\": [\n    {\n      \"Sid\": \"1\",\n      \"Effect\": \"Allow\",\n      \"Action\": \"logs:CreateLogGroup\",\n      \"Resource\": \"arn:aws:logs:eu-west-1:044463453895:*\"\n    },\n    {\n      \"Sid\": \"2\",\n      \"Effect\": \"Allow\",\n      \"Action\": [\n        \"logs:PutLogEvents\",\n        \"logs:DescribeLogStreams\",\n        \"logs:CreateLogStream\"\n      ],\n      \"Resource\": \"arn:aws:logs:eu-west-1:044463453895:log-group:tf_instance_CYeMoqHp-log-group:*\"\n    }\n  ]\n}",
            "role": "tf_instance_CYeMoqHp-role-20200108224403518300000002"
          },
          "private": "bnVsbA==",
          "dependencies": [
            "module.west1_instance.aws_cloudwatch_log_group.tf_cw_logs",
            "module.west1_instance.aws_iam_role.instance_logs_role",
            "random_string.instance_name"
          ]
        }
      ]
    },
    {
      "module": "module.instance",
      "mode": "managed",
      "type": "aws_iam_role_policy",
      "name": "instance_logs_policy",
      "provider": "provider.aws",
      "instances": [
        {
          "schema_version": 0,
          "attributes": {
            "id": "tf_instance-role-20200108221314071700000001:terraform-20200108221318064600000004",
            "name": "terraform-20200108221318064600000004",
            "name_prefix": null,
            "policy": "{\n  \"Version\": \"2012-10-17\",\n  \"Statement\": [\n    {\n      \"Sid\": \"1\",\n      \"Effect\": \"Allow\",\n      \"Action\": \"logs:CreateLogGroup\",\n      \"Resource\": \"arn:aws:logs:eu-west-2:044463453895:*\"\n    },\n    {\n      \"Sid\": \"2\",\n      \"Effect\": \"Allow\",\n      \"Action\": [\n        \"logs:PutLogEvents\",\n        \"logs:DescribeLogStreams\",\n        \"logs:CreateLogStream\"\n      ],\n      \"Resource\": \"arn:aws:logs:eu-west-2:044463453895:log-group:tf_instance-log-group:*\"\n    }\n  ]\n}",
            "role": "tf_instance-role-20200108221314071700000001"
          },
          "private": "bnVsbA==",
          "dependencies": [
            "module.instance.aws_cloudwatch_log_group.tf_cw_logs",
            "module.instance.aws_iam_role.instance_logs_role"
          ]
        }
      ]
    },
    {
      "module": "module.another_instance",
      "mode": "managed",
      "type": "aws_instance",
      "name": "tf_instance",
      "provider": "provider.aws",
      "instances": [
        {
          "schema_version": 1,
          "attributes": {
            "ami": "ami-05f37c3995fffb4fd",
            "arn": "arn:aws:ec2:eu-west-2:044463453895:instance/i-08cc5a043e19cda71",
            "associate_public_ip_address": true,
            "availability_zone": "eu-west-2a",
            "cpu_core_count": 1,
            "cpu_threads_per_core": 1,
            "credit_specification": [
              {
                "cpu_credits": "standard"
              }
            ],
            "disable_api_termination": false,
            "ebs_block_device": [],
            "ebs_optimized": false,
            "ephemeral_block_device": [],
            "get_password_data": false,
            "host_id": null,
            "iam_instance_profile": "terraform-20200108222359384600000003",
            "id": "i-08cc5a043e19cda71",
            "instance_initiated_shutdown_behavior": null,
            "instance_state": "running",
            "instance_type": "t2.micro",
            "ipv6_address_count": 0,
            "ipv6_addresses": [],
            "key_name": "cfn-kp",
            "monitoring": false,
            "network_interface": [],
            "network_interface_id": null,
            "password_data": "",
            "placement_group": "",
            "primary_network_interface_id": "eni-0164d3095cf727410",
            "private_dns": "ip-172-31-29-145.eu-west-2.compute.internal",
            "private_ip": "172.31.29.145",
            "public_dns": "ec2-35-178-176-232.eu-west-2.compute.amazonaws.com",
            "public_ip": "35.178.176.232",
            "root_block_device": [
              {
                "delete_on_termination": true,
                "encrypted": false,
                "iops": 100,
                "kms_key_id": "",
                "volume_id": "vol-020608d7f6a25f650",
                "volume_size": 8,
                "volume_type": "gp2"
              }
            ],
            "security_groups": [
              "tf_instance_CYeMoqHp-20200108223623135700000001"
            ],
            "source_dest_check": true,
            "subnet_id": "subnet-b2d167c8",
            "tags": {
              "Name": "tf_instance_CYeMoqHp"
            },
            "tenancy": "default",
            "timeouts": null,
            "user_data": "7d81ec8a148183f180403823da071c944122df68",
            "user_data_base64": null,
            "volume_tags": {},
            "vpc_security_group_ids": [
              "sg-0341b87251817fbbc"
            ]
          },
          "private": "eyJlMmJmYjczMC1lY2FhLTExZTYtOGY4OC0zNDM2M2JjN2M0YzAiOnsiY3JlYXRlIjo2MDAwMDAwMDAwMDAsImRlbGV0ZSI6MTIwMDAwMDAwMDAwMCwidXBkYXRlIjo2MDAwMDAwMDAwMDB9LCJzY2hlbWFfdmVyc2lvbiI6IjEifQ==",
          "dependencies": [
            "module.another_instance.aws_iam_instance_profile.instance_profile",
            "module.another_instance.aws_iam_role.instance_logs_role",
            "module.another_instance.aws_security_group.tf_security_group",
            "random_string.instance_name"
          ]
        }
      ]
    },
    {
      "module": "module.west1_instance",
      "mode": "managed",
      "type": "aws_instance",
      "name": "tf_instance",
      "provider": "provider.aws.euwest1",
      "instances": [
        {
          "schema_version": 1,
          "attributes": {
            "ami": "ami-01f14919ba412de34",
            "arn": "arn:aws:ec2:eu-west-1:044463453895:instance/i-030f175a99878fa59",
            "associate_public_ip_address": true,
            "availability_zone": "eu-west-1c",
            "cpu_core_count": 1,
            "cpu_threads_per_core": 1,
            "credit_specification": [
              {
                "cpu_credits": "standard"
              }
            ],
            "disable_api_termination": false,
            "ebs_block_device": [],
            "ebs_optimized": false,
            "ephemeral_block_device": [],
            "get_password_data": false,
            "host_id": null,
            "iam_instance_profile": "terraform-20200108224405385600000003",
            "id": "i-030f175a99878fa59",
            "instance_initiated_shutdown_behavior": null,
            "instance_state": "running",
            "instance_type": "t2.micro",
            "ipv6_address_count": 0,
            "ipv6_addresses": [],
            "key_name": "",
            "monitoring": false,
            "network_interface": [],
            "network_interface_id": null,
            "password_data": "",
            "placement_group": "",
            "primary_network_interface_id": "eni-0378af2828989afba",
            "private_dns": "ip-172-31-42-169.eu-west-1.compute.internal",
            "private_ip": "172.31.42.169",
            "public_dns": "ec2-52-49-91-204.eu-west-1.compute.amazonaws.com",
            "public_ip": "52.49.91.204",
            "root_block_device": [
              {
                "delete_on_termination": true,
                "encrypted": false,
                "iops": 100,
                "kms_key_id": "",
                "volume_id": "vol-0995f76d945893b7d",
                "volume_size": 8,
                "volume_type": "gp2"
              }
            ],
            "security_groups": [
              "tf_instance_CYeMoqHp-20200108224403518300000001"
            ],
            "source_dest_check": true,
            "subnet_id": "subnet-f9f64da3",
            "tags": {
              "Name": "tf_instance_CYeMoqHp"
            },
            "tenancy": "default",
            "timeouts": null,
            "user_data": "0c9601ddf8b63cd4475607baf9c990128f08097b",
            "user_data_base64": null,
            "volume_tags": {},
            "vpc_security_group_ids": [
              "sg-085c5a4f2c765c2bc"
            ]
          },
          "private": "eyJlMmJmYjczMC1lY2FhLTExZTYtOGY4OC0zNDM2M2JjN2M0YzAiOnsiY3JlYXRlIjo2MDAwMDAwMDAwMDAsImRlbGV0ZSI6MTIwMDAwMDAwMDAwMCwidXBkYXRlIjo2MDAwMDAwMDAwMDB9LCJzY2hlbWFfdmVyc2lvbiI6IjEifQ==",
          "dependencies": [
            "module.west1_instance.aws_iam_instance_profile.instance_profile",
            "module.west1_instance.aws_iam_role.instance_logs_role",
            "module.west1_instance.aws_security_group.tf_security_group",
            "random_string.instance_name"
          ]
        }
      ]
    },
    {
      "module": "module.instance",
      "mode": "managed",
      "type": "aws_instance",
      "name": "tf_instance",
      "provider": "provider.aws",
      "instances": [
        {
          "schema_version": 1,
          "attributes": {
            "ami": "ami-05f37c3995fffb4fd",
            "arn": "arn:aws:ec2:eu-west-2:044463453895:instance/i-0113fd6cfdd196c58",
            "associate_public_ip_address": true,
            "availability_zone": "eu-west-2a",
            "cpu_core_count": 1,
            "cpu_threads_per_core": 1,
            "credit_specification": [
              {
                "cpu_credits": "standard"
              }
            ],
            "disable_api_termination": false,
            "ebs_block_device": [],
            "ebs_optimized": false,
            "ephemeral_block_device": [],
            "get_password_data": false,
            "host_id": null,
            "iam_instance_profile": "terraform-20200108221316401200000003",
            "id": "i-0113fd6cfdd196c58",
            "instance_initiated_shutdown_behavior": null,
            "instance_state": "running",
            "instance_type": "t2.micro",
            "ipv6_address_count": 0,
            "ipv6_addresses": [],
            "key_name": "cfn-kp",
            "monitoring": false,
            "network_interface": [],
            "network_interface_id": null,
            "password_data": "",
            "placement_group": "",
            "primary_network_interface_id": "eni-088a5001bb0e7aa0a",
            "private_dns": "ip-172-31-17-159.eu-west-2.compute.internal",
            "private_ip": "172.31.17.159",
            "public_dns": "ec2-35-177-81-30.eu-west-2.compute.amazonaws.com",
            "public_ip": "35.177.81.30",
            "root_block_device": [
              {
                "delete_on_termination": true,
                "encrypted": false,
                "iops": 100,
                "kms_key_id": "",
                "volume_id": "vol-028095e961bcb9f4a",
                "volume_size": 8,
                "volume_type": "gp2"
              }
            ],
            "security_groups": [
              "tf_instance-20200108221314071700000002"
            ],
            "source_dest_check": true,
            "subnet_id": "subnet-b2d167c8",
            "tags": {
              "Name": "tf_instance"
            },
            "tenancy": "default",
            "timeouts": null,
            "user_data": "9b3fbce79c687ac2b72b83937d2fcb9d2bde5e9f",
            "user_data_base64": null,
            "volume_tags": {},
            "vpc_security_group_ids": [
              "sg-09cb26a2cfecb4eb2"
            ]
          },
          "private": "eyJlMmJmYjczMC1lY2FhLTExZTYtOGY4OC0zNDM2M2JjN2M0YzAiOnsiY3JlYXRlIjo2MDAwMDAwMDAwMDAsImRlbGV0ZSI6MTIwMDAwMDAwMDAwMCwidXBkYXRlIjo2MDAwMDAwMDAwMDB9LCJzY2hlbWFfdmVyc2lvbiI6IjEifQ==",
          "dependencies": [
            "module.instance.aws_iam_instance_profile.instance_profile",
            "module.instance.aws_iam_role.instance_logs_role",
            "module.instance.aws_security_group.tf_security_group"
          ]
        }
      ]
    },
    {
      "module": "module.another_instance",
      "mode": "managed",
      "type": "aws_security_group",
      "name": "tf_security_group",
      "provider": "provider.aws",
      "instances": [
        {
          "schema_version": 1,
          "attributes": {
            "arn": "arn:aws:ec2:eu-west-2:044463453895:security-group/sg-0341b87251817fbbc",
            "description": "Allows HTTP \u0026 conditional SSH access",
            "egress": [
              {
                "cidr_blocks": [
                  "0.0.0.0/0"
                ],
                "description": "",
                "from_port": 0,
                "ipv6_cidr_blocks": [],
                "prefix_list_ids": [],
                "protocol": "-1",
                "security_groups": [],
                "self": false,
                "to_port": 0
              }
            ],
            "id": "sg-0341b87251817fbbc",
            "ingress": [
              {
                "cidr_blocks": [
                  "0.0.0.0/0"
                ],
                "description": "",
                "from_port": 22,
                "ipv6_cidr_blocks": [],
                "prefix_list_ids": [],
                "protocol": "tcp",
                "security_groups": [],
                "self": false,
                "to_port": 22
              },
              {
                "cidr_blocks": [
                  "0.0.0.0/0"
                ],
                "description": "",
                "from_port": 80,
                "ipv6_cidr_blocks": [],
                "prefix_list_ids": [],
                "protocol": "tcp",
                "security_groups": [],
                "self": false,
                "to_port": 80
              }
            ],
            "name": "tf_instance_CYeMoqHp-20200108223623135700000001",
            "name_prefix": "tf_instance_CYeMoqHp-",
            "owner_id": "044463453895",
            "revoke_rules_on_delete": false,
            "tags": {},
            "timeouts": null,
            "vpc_id": "vpc-1245257a"
          },
          "private": "eyJlMmJmYjczMC1lY2FhLTExZTYtOGY4OC0zNDM2M2JjN2M0YzAiOnsiY3JlYXRlIjo2MDAwMDAwMDAwMDAsImRlbGV0ZSI6NjAwMDAwMDAwMDAwfSwic2NoZW1hX3ZlcnNpb24iOiIxIn0=",
          "dependencies": [
            "random_string.instance_name"
          ]
        }
      ]
    },
    {
      "module": "module.west1_instance",
      "mode": "managed",
      "type": "aws_security_group",
      "name": "tf_security_group",
      "provider": "provider.aws.euwest1",
      "instances": [
        {
          "schema_version": 1,
          "attributes": {
            "arn": "arn:aws:ec2:eu-west-1:044463453895:security-group/sg-085c5a4f2c765c2bc",
            "description": "Allows HTTP \u0026 conditional SSH access",
            "egress": [],
            "id": "sg-085c5a4f2c765c2bc",
            "ingress": [],
            "name": "tf_instance_CYeMoqHp-20200108224403518300000001",
            "name_prefix": "tf_instance_CYeMoqHp-",
            "owner_id": "044463453895",
            "revoke_rules_on_delete": false,
            "tags": null,
            "timeouts": null,
            "vpc_id": "vpc-b2b5b8d4"
          },
          "private": "eyJlMmJmYjczMC1lY2FhLTExZTYtOGY4OC0zNDM2M2JjN2M0YzAiOnsiY3JlYXRlIjo2MDAwMDAwMDAwMDAsImRlbGV0ZSI6NjAwMDAwMDAwMDAwfSwic2NoZW1hX3ZlcnNpb24iOiIxIn0=",
          "dependencies": [
            "random_string.instance_name"
          ]
        }
      ]
    },
    {
      "module": "module.instance",
      "mode": "managed",
      "type": "aws_security_group",
      "name": "tf_security_group",
      "provider": "provider.aws",
      "instances": [
        {
          "schema_version": 1,
          "attributes": {
            "arn": "arn:aws:ec2:eu-west-2:044463453895:security-group/sg-09cb26a2cfecb4eb2",
            "description": "Allows HTTP \u0026 conditional SSH access",
            "egress": [
              {
                "cidr_blocks": [
                  "0.0.0.0/0"
                ],
                "description": "",
                "from_port": 0,
                "ipv6_cidr_blocks": [],
                "prefix_list_ids": [],
                "protocol": "-1",
                "security_groups": [],
                "self": false,
                "to_port": 0
              }
            ],
            "id": "sg-09cb26a2cfecb4eb2",
            "ingress": [
              {
                "cidr_blocks": [
                  "0.0.0.0/0"
                ],
                "description": "",
                "from_port": 22,
                "ipv6_cidr_blocks": [],
                "prefix_list_ids": [],
                "protocol": "tcp",
                "security_groups": [],
                "self": false,
                "to_port": 22
              },
              {
                "cidr_blocks": [
                  "0.0.0.0/0"
                ],
                "description": "",
                "from_port": 80,
                "ipv6_cidr_blocks": [],
                "prefix_list_ids": [],
                "protocol": "tcp",
                "security_groups": [],
                "self": false,
                "to_port": 80
              }
            ],
            "name": "tf_instance-20200108221314071700000002",
            "name_prefix": "tf_instance-",
            "owner_id": "044463453895",
            "revoke_rules_on_delete": false,
            "tags": {},
            "timeouts": null,
            "vpc_id": "vpc-1245257a"
          },
          "private": "eyJlMmJmYjczMC1lY2FhLTExZTYtOGY4OC0zNDM2M2JjN2M0YzAiOnsiY3JlYXRlIjo2MDAwMDAwMDAwMDAsImRlbGV0ZSI6NjAwMDAwMDAwMDAwfSwic2NoZW1hX3ZlcnNpb24iOiIxIn0="
        }
      ]
    },
    {
      "module": "module.another_instance",
      "mode": "managed",
      "type": "aws_security_group_rule",
      "name": "allow_egress_all",
      "provider": "provider.aws",
      "instances": [
        {
          "schema_version": 2,
          "attributes": {
            "cidr_blocks": [
              "0.0.0.0/0"
            ],
            "description": "",
            "from_port": 0,
            "id": "sgrule-1548440818",
            "ipv6_cidr_blocks": [],
            "prefix_list_ids": [],
            "protocol": "-1",
            "security_group_id": "sg-0341b87251817fbbc",
            "self": false,
            "source_security_group_id": null,
            "to_port": 0,
            "type": "egress"
          },
          "private": "eyJzY2hlbWFfdmVyc2lvbiI6IjIifQ==",
          "dependencies": [
            "module.another_instance.aws_security_group.tf_security_group",
            "random_string.instance_name"
          ]
        }
      ]
    },
    {
      "module": "module.west1_instance",
      "mode": "managed",
      "type": "aws_security_group_rule",
      "name": "allow_egress_all",
      "provider": "provider.aws.euwest1",
      "instances": [
        {
          "schema_version": 2,
          "attributes": {
            "cidr_blocks": [
              "0.0.0.0/0"
            ],
            "description": null,
            "from_port": 0,
            "id": "sgrule-3878309717",
            "ipv6_cidr_blocks": null,
            "prefix_list_ids": null,
            "protocol": "-1",
            "security_group_id": "sg-085c5a4f2c765c2bc",
            "self": false,
            "source_security_group_id": null,
            "to_port": 0,
            "type": "egress"
          },
          "private": "eyJzY2hlbWFfdmVyc2lvbiI6IjIifQ==",
          "dependencies": [
            "module.west1_instance.aws_security_group.tf_security_group",
            "random_string.instance_name"
          ]
        }
      ]
    },
    {
      "module": "module.instance",
      "mode": "managed",
      "type": "aws_security_group_rule",
      "name": "allow_egress_all",
      "provider": "provider.aws",
      "instances": [
        {
          "schema_version": 2,
          "attributes": {
            "cidr_blocks": [
              "0.0.0.0/0"
            ],
            "description": "",
            "from_port": 0,
            "id": "sgrule-2542465419",
            "ipv6_cidr_blocks": [],
            "prefix_list_ids": [],
            "protocol": "-1",
            "security_group_id": "sg-09cb26a2cfecb4eb2",
            "self": false,
            "source_security_group_id": null,
            "to_port": 0,
            "type": "egress"
          },
          "private": "eyJzY2hlbWFfdmVyc2lvbiI6IjIifQ==",
          "dependencies": [
            "module.instance.aws_security_group.tf_security_group"
          ]
        }
      ]
    },
    {
      "module": "module.another_instance",
      "mode": "managed",
      "type": "aws_security_group_rule",
      "name": "allow_http",
      "provider": "provider.aws",
      "instances": [
        {
          "schema_version": 2,
          "attributes": {
            "cidr_blocks": [
              "0.0.0.0/0"
            ],
            "description": "",
            "from_port": 80,
            "id": "sgrule-158024397",
            "ipv6_cidr_blocks": [],
            "prefix_list_ids": [],
            "protocol": "tcp",
            "security_group_id": "sg-0341b87251817fbbc",
            "self": false,
            "source_security_group_id": null,
            "to_port": 80,
            "type": "ingress"
          },
          "private": "eyJzY2hlbWFfdmVyc2lvbiI6IjIifQ==",
          "dependencies": [
            "module.another_instance.aws_security_group.tf_security_group",
            "random_string.instance_name"
          ]
        }
      ]
    },
    {
      "module": "module.west1_instance",
      "mode": "managed",
      "type": "aws_security_group_rule",
      "name": "allow_http",
      "provider": "provider.aws.euwest1",
      "instances": [
        {
          "schema_version": 2,
          "attributes": {
            "cidr_blocks": [
              "0.0.0.0/0"
            ],
            "description": null,
            "from_port": 80,
            "id": "sgrule-1753579926",
            "ipv6_cidr_blocks": null,
            "prefix_list_ids": null,
            "protocol": "tcp",
            "security_group_id": "sg-085c5a4f2c765c2bc",
            "self": false,
            "source_security_group_id": null,
            "to_port": 80,
            "type": "ingress"
          },
          "private": "eyJzY2hlbWFfdmVyc2lvbiI6IjIifQ==",
          "dependencies": [
            "module.west1_instance.aws_security_group.tf_security_group",
            "random_string.instance_name"
          ]
        }
      ]
    },
    {
      "module": "module.instance",
      "mode": "managed",
      "type": "aws_security_group_rule",
      "name": "allow_http",
      "provider": "provider.aws",
      "instances": [
        {
          "schema_version": 2,
          "attributes": {
            "cidr_blocks": [
              "0.0.0.0/0"
            ],
            "description": "",
            "from_port": 80,
            "id": "sgrule-3952484452",
            "ipv6_cidr_blocks": [],
            "prefix_list_ids": [],
            "protocol": "tcp",
            "security_group_id": "sg-09cb26a2cfecb4eb2",
            "self": false,
            "source_security_group_id": null,
            "to_port": 80,
            "type": "ingress"
          },
          "private": "eyJzY2hlbWFfdmVyc2lvbiI6IjIifQ==",
          "dependencies": [
            "module.instance.aws_security_group.tf_security_group"
          ]
        }
      ]
    },
    {
      "module": "module.another_instance",
      "mode": "managed",
      "type": "aws_security_group_rule",
      "name": "allow_ssh",
      "each": "list",
      "provider": "provider.aws",
      "instances": [
        {
          "index_key": 0,
          "schema_version": 2,
          "attributes": {
            "cidr_blocks": [
              "0.0.0.0/0"
            ],
            "description": "",
            "from_port": 22,
            "id": "sgrule-3219201912",
            "ipv6_cidr_blocks": [],
            "prefix_list_ids": [],
            "protocol": "tcp",
            "security_group_id": "sg-0341b87251817fbbc",
            "self": false,
            "source_security_group_id": null,
            "to_port": 22,
            "type": "ingress"
          },
          "private": "eyJzY2hlbWFfdmVyc2lvbiI6IjIifQ==",
          "dependencies": [
            "module.another_instance.aws_security_group.tf_security_group",
            "random_string.instance_name"
          ]
        }
      ]
    },
    {
      "module": "module.west1_instance",
      "mode": "managed",
      "type": "aws_security_group_rule",
      "name": "allow_ssh",
      "each": "list",
      "provider": "provider.aws.euwest1",
      "instances": []
    },
    {
      "module": "module.instance",
      "mode": "managed",
      "type": "aws_security_group_rule",
      "name": "allow_ssh",
      "each": "list",
      "provider": "provider.aws",
      "instances": [
        {
          "index_key": 0,
          "schema_version": 2,
          "attributes": {
            "cidr_blocks": [
              "0.0.0.0/0"
            ],
            "description": "",
            "from_port": 22,
            "id": "sgrule-1562148305",
            "ipv6_cidr_blocks": [],
            "prefix_list_ids": [],
            "protocol": "tcp",
            "security_group_id": "sg-09cb26a2cfecb4eb2",
            "self": false,
            "source_security_group_id": null,
            "to_port": 22,
            "type": "ingress"
          },
          "private": "eyJzY2hlbWFfdmVyc2lvbiI6IjIifQ==",
          "dependencies": [
            "module.instance.aws_security_group.tf_security_group"
          ]
        }
      ]
    },
    {
      "mode": "managed",
      "type": "random_string",
      "name": "instance_name",
      "provider": "provider.random",
      "instances": [
        {
          "schema_version": 1,
          "attributes": {
            "id": "CYeMoqHp",
            "keepers": null,
            "length": 8,
            "lower": true,
            "min_lower": 0,
            "min_numeric": 0,
            "min_special": 0,
            "min_upper": 0,
            "number": true,
            "override_special": null,
            "result": "CYeMoqHp",
            "special": false,
            "upper": true
          },
          "private": "eyJzY2hlbWFfdmVyc2lvbiI6IjEifQ=="
        }
      ]
    }
  ]
}
